
Microsoft Visual Studio Solution File, Format Version 12.00
# Visual Studio Version 17
VisualStudioVersion = 17.0.31903.59
MinimumVisualStudioVersion = 10.0.40219.1
Project("{2150E333-8FDC-42A3-9474-1A3956D46DE8}") = "src", "src", "{1083463C-2D3E-4E78-9FF2-7FBC38FC908C}"
EndProject
Project("{FAE04EC0-301F-11D3-BF4B-00C04F79EFBC}") = "ImageTorque", "src\ImageTorque\ImageTorque.csproj", "{A9224DC4-125B-4538-84AA-07D5B82C2924}"
EndProject
Project("{2150E333-8FDC-42A3-9474-1A3956D46DE8}") = "tests", "tests", "{F1912608-B540-4423-8DFD-B1FB3BF7EF9D}"
EndProject
Project("{FAE04EC0-301F-11D3-BF4B-00C04F79EFBC}") = "ImageTorque.Tests", "tests\ImageTorque\ImageTorque.Tests.csproj", "{5D4127BC-C06A-4C11-9BA9-07BD98E38E50}"
EndProject
Project("{FAE04EC0-301F-11D3-BF4B-00C04F79EFBC}") = "ImageTorque.AI", "src\ImageTorque.AI\ImageTorque.AI.csproj", "{ABC57938-C456-4CA2-8B33-4AA37EF539E1}"
EndProject
Project("{FAE04EC0-301F-11D3-BF4B-00C04F79EFBC}") = "ImageTorque.AI.Tests", "tests\ImageTorque.AI\ImageTorque.AI.Tests.csproj", "{C05CDDBF-CFE4-4EEE-9148-A9CADA5F3757}"
EndProject
Project("{2150E333-8FDC-42A3-9474-1A3956D46DE8}") = "benchmarks", "benchmarks", "{398304C7-E1CE-4A0F-A4C4-DD8C8D12F1CE}"
EndProject
Project("{FAE04EC0-301F-11D3-BF4B-00C04F79EFBC}") = "ImageTorque.Benchmark", "benchmarks\ImageTorque.Benchmarks\ImageTorque.Benchmark.csproj", "{7002FA06-9673-4960-99DB-B95DEBDA8B6E}"
EndProject
Project("{FAE04EC0-301F-11D3-BF4B-00C04F79EFBC}") = "ImageTorque.Core", "src\ImageTorque.Core\ImageTorque.Core.csproj", "{2F3DA44E-27C3-46FD-9D2D-B364C3728639}"
EndProject
Project("{2150E333-8FDC-42A3-9474-1A3956D46DE8}") = "CodecProviders", "CodecProviders", "{21809672-0E59-4B50-A1FA-8FB8C89DEB07}"
EndProject
Project("{FAE04EC0-301F-11D3-BF4B-00C04F79EFBC}") = "ImageTorque.Codecs.ImageSharp", "src\CodecProviders\ImageTorque.Codecs.ImageSharp\ImageTorque.Codecs.ImageSharp.csproj", "{F888FA9D-E8EE-47CA-96E4-D051A6452DFE}"
EndProject
Global
	GlobalSection(SolutionConfigurationPlatforms) = preSolution
		Debug|Any CPU = Debug|Any CPU
		Release|Any CPU = Release|Any CPU
	EndGlobalSection
	GlobalSection(SolutionProperties) = preSolution
		HideSolutionNode = FALSE
	EndGlobalSection
	GlobalSection(ProjectConfigurationPlatforms) = postSolution
		{A9224DC4-125B-4538-84AA-07D5B82C2924}.Debug|Any CPU.ActiveCfg = Debug|Any CPU
		{A9224DC4-125B-4538-84AA-07D5B82C2924}.Debug|Any CPU.Build.0 = Debug|Any CPU
		{A9224DC4-125B-4538-84AA-07D5B82C2924}.Release|Any CPU.ActiveCfg = Release|Any CPU
		{A9224DC4-125B-4538-84AA-07D5B82C2924}.Release|Any CPU.Build.0 = Release|Any CPU
		{5D4127BC-C06A-4C11-9BA9-07BD98E38E50}.Debug|Any CPU.ActiveCfg = Debug|Any CPU
		{5D4127BC-C06A-4C11-9BA9-07BD98E38E50}.Debug|Any CPU.Build.0 = Debug|Any CPU
		{5D4127BC-C06A-4C11-9BA9-07BD98E38E50}.Release|Any CPU.ActiveCfg = Release|Any CPU
		{5D4127BC-C06A-4C11-9BA9-07BD98E38E50}.Release|Any CPU.Build.0 = Release|Any CPU
		{ABC57938-C456-4CA2-8B33-4AA37EF539E1}.Debug|Any CPU.ActiveCfg = Debug|Any CPU
		{ABC57938-C456-4CA2-8B33-4AA37EF539E1}.Debug|Any CPU.Build.0 = Debug|Any CPU
		{ABC57938-C456-4CA2-8B33-4AA37EF539E1}.Release|Any CPU.ActiveCfg = Release|Any CPU
		{ABC57938-C456-4CA2-8B33-4AA37EF539E1}.Release|Any CPU.Build.0 = Release|Any CPU
		{C05CDDBF-CFE4-4EEE-9148-A9CADA5F3757}.Debug|Any CPU.ActiveCfg = Debug|Any CPU
		{C05CDDBF-CFE4-4EEE-9148-A9CADA5F3757}.Debug|Any CPU.Build.0 = Debug|Any CPU
		{C05CDDBF-CFE4-4EEE-9148-A9CADA5F3757}.Release|Any CPU.ActiveCfg = Release|Any CPU
		{C05CDDBF-CFE4-4EEE-9148-A9CADA5F3757}.Release|Any CPU.Build.0 = Release|Any CPU
		{7002FA06-9673-4960-99DB-B95DEBDA8B6E}.Debug|Any CPU.ActiveCfg = Debug|Any CPU
		{7002FA06-9673-4960-99DB-B95DEBDA8B6E}.Debug|Any CPU.Build.0 = Debug|Any CPU
		{7002FA06-9673-4960-99DB-B95DEBDA8B6E}.Release|Any CPU.ActiveCfg = Release|Any CPU
		{7002FA06-9673-4960-99DB-B95DEBDA8B6E}.Release|Any CPU.Build.0 = Release|Any CPU
		{2F3DA44E-27C3-46FD-9D2D-B364C3728639}.Debug|Any CPU.ActiveCfg = Debug|Any CPU
		{2F3DA44E-27C3-46FD-9D2D-B364C3728639}.Debug|Any CPU.Build.0 = Debug|Any CPU
		{2F3DA44E-27C3-46FD-9D2D-B364C3728639}.Release|Any CPU.ActiveCfg = Release|Any CPU
		{2F3DA44E-27C3-46FD-9D2D-B364C3728639}.Release|Any CPU.Build.0 = Release|Any CPU
		{F888FA9D-E8EE-47CA-96E4-D051A6452DFE}.Debug|Any CPU.ActiveCfg = Debug|Any CPU
		{F888FA9D-E8EE-47CA-96E4-D051A6452DFE}.Debug|Any CPU.Build.0 = Debug|Any CPU
		{F888FA9D-E8EE-47CA-96E4-D051A6452DFE}.Release|Any CPU.ActiveCfg = Release|Any CPU
		{F888FA9D-E8EE-47CA-96E4-D051A6452DFE}.Release|Any CPU.Build.0 = Release|Any CPU
	EndGlobalSection
	GlobalSection(NestedProjects) = preSolution
		{A9224DC4-125B-4538-84AA-07D5B82C2924} = {1083463C-2D3E-4E78-9FF2-7FBC38FC908C}
		{5D4127BC-C06A-4C11-9BA9-07BD98E38E50} = {F1912608-B540-4423-8DFD-B1FB3BF7EF9D}
		{ABC57938-C456-4CA2-8B33-4AA37EF539E1} = {1083463C-2D3E-4E78-9FF2-7FBC38FC908C}
		{C05CDDBF-CFE4-4EEE-9148-A9CADA5F3757} = {F1912608-B540-4423-8DFD-B1FB3BF7EF9D}
		{7002FA06-9673-4960-99DB-B95DEBDA8B6E} = {398304C7-E1CE-4A0F-A4C4-DD8C8D12F1CE}
		{2F3DA44E-27C3-46FD-9D2D-B364C3728639} = {1083463C-2D3E-4E78-9FF2-7FBC38FC908C}
		{21809672-0E59-4B50-A1FA-8FB8C89DEB07} = {1083463C-2D3E-4E78-9FF2-7FBC38FC908C}
		{F888FA9D-E8EE-47CA-96E4-D051A6452DFE} = {21809672-0E59-4B50-A1FA-8FB8C89DEB07}
	EndGlobalSection
EndGlobal
